
Microsoft Visual Studio Solution File, Format Version 12.00
# Visual Studio Version 17
VisualStudioVersion = 17.0.32014.148
MinimumVisualStudioVersion = 10.0.40219.1
Project("{FAE04EC0-301F-11D3-BF4B-00C04F79EFBC}") = "RepositoryPattern", "Repository Pattern\RepositoryPattern.csproj", "{6B670BF6-9CF2-43E8-BCF6-54E29F0C1247}"
EndProject
Project("{FAE04EC0-301F-11D3-BF4B-00C04F79EFBC}") = "RepositoryPattern.Core", "RepositoryPattern.Core\RepositoryPattern.Core.csproj", "{9C4F94DB-181B-4A92-B19A-4336A98666D0}"
EndProject
Project("{FAE04EC0-301F-11D3-BF4B-00C04F79EFBC}") = "RepositoryPattern.EF", "RepositoryPattern.EF\RepositoryPattern.EF.csproj", "{1FF70C0D-90B8-4129-9195-4DFC3008ED9D}"
EndProject
Global
	GlobalSection(SolutionConfigurationPlatforms) = preSolution
		Debug|Any CPU = Debug|Any CPU
		Release|Any CPU = Release|Any CPU
	EndGlobalSection
	GlobalSection(ProjectConfigurationPlatforms) = postSolution
		{6B670BF6-9CF2-43E8-BCF6-54E29F0C1247}.Debug|Any CPU.ActiveCfg = Debug|Any CPU
		{6B670BF6-9CF2-43E8-BCF6-54E29F0C1247}.Debug|Any CPU.Build.0 = Debug|Any CPU
		{6B670BF6-9CF2-43E8-BCF6-54E29F0C1247}.Release|Any CPU.ActiveCfg = Release|Any CPU
		{6B670BF6-9CF2-43E8-BCF6-54E29F0C1247}.Release|Any CPU.Build.0 = Release|Any CPU
		{9C4F94DB-181B-4A92-B19A-4336A98666D0}.Debug|Any CPU.ActiveCfg = Debug|Any CPU
		{9C4F94DB-181B-4A92-B19A-4336A98666D0}.Debug|Any CPU.Build.0 = Debug|Any CPU
		{9C4F94DB-181B-4A92-B19A-4336A98666D0}.Release|Any CPU.ActiveCfg = Release|Any CPU
		{9C4F94DB-181B-4A92-B19A-4336A98666D0}.Release|Any CPU.Build.0 = Release|Any CPU
		{1FF70C0D-90B8-4129-9195-4DFC3008ED9D}.Debug|Any CPU.ActiveCfg = Debug|Any CPU
		{1FF70C0D-90B8-4129-9195-4DFC3008ED9D}.Debug|Any CPU.Build.0 = Debug|Any CPU
		{1FF70C0D-90B8-4129-9195-4DFC3008ED9D}.Release|Any CPU.ActiveCfg = Release|Any CPU
		{1FF70C0D-90B8-4129-9195-4DFC3008ED9D}.Release|Any CPU.Build.0 = Release|Any CPU
	EndGlobalSection
	GlobalSection(SolutionProperties) = preSolution
		HideSolutionNode = FALSE
	EndGlobalSection
	GlobalSection(ExtensibilityGlobals) = postSolution
		SolutionGuid = {E8933EDB-EDE0-451C-9086-746AAC1E3EC4}
	EndGlobalSection
EndGlobal
